
Microsoft Visual Studio Solution File, Format Version 12.00
# Visual Studio Version 17
VisualStudioVersion = 17.1.32210.238
MinimumVisualStudioVersion = 10.0.40219.1
Project("{FAE04EC0-301F-11D3-BF4B-00C04F79EFBC}") = "SAddressBook13", "SAddressBook13\SAddressBook13.csproj", "{99DB78F4-FCD4-4FAB-997B-F76054798475}"
EndProject
Project("{FAE04EC0-301F-11D3-BF4B-00C04F79EFBC}") = "Unit Testing", "Unit Testing\Unit Testing.csproj", "{C0CD75BC-319E-4022-8F49-8F4CC984B38D}"
EndProject
Global
	GlobalSection(SolutionConfigurationPlatforms) = preSolution
		Debug|Any CPU = Debug|Any CPU
		Release|Any CPU = Release|Any CPU
	EndGlobalSection
	GlobalSection(ProjectConfigurationPlatforms) = postSolution
		{99DB78F4-FCD4-4FAB-997B-F76054798475}.Debug|Any CPU.ActiveCfg = Debug|Any CPU
		{99DB78F4-FCD4-4FAB-997B-F76054798475}.Debug|Any CPU.Build.0 = Debug|Any CPU
		{99DB78F4-FCD4-4FAB-997B-F76054798475}.Release|Any CPU.ActiveCfg = Release|Any CPU
		{99DB78F4-FCD4-4FAB-997B-F76054798475}.Release|Any CPU.Build.0 = Release|Any CPU
		{C0CD75BC-319E-4022-8F49-8F4CC984B38D}.Debug|Any CPU.ActiveCfg = Debug|Any CPU
		{C0CD75BC-319E-4022-8F49-8F4CC984B38D}.Debug|Any CPU.Build.0 = Debug|Any CPU
		{C0CD75BC-319E-4022-8F49-8F4CC984B38D}.Release|Any CPU.ActiveCfg = Release|Any CPU
		{C0CD75BC-319E-4022-8F49-8F4CC984B38D}.Release|Any CPU.Build.0 = Release|Any CPU
	EndGlobalSection
	GlobalSection(SolutionProperties) = preSolution
		HideSolutionNode = FALSE
	EndGlobalSection
	GlobalSection(ExtensibilityGlobals) = postSolution
		SolutionGuid = {31C59D05-F8D8-4660-AC6E-31E66F557505}
	EndGlobalSection
EndGlobal
